// !$*UTF8*$!
{
	archiveVersion = 1;
	classes = {
	};
	objectVersion = 55;
	objects = {

/* Begin PBXBuildFile section */
		506662DC7065FF9193287347 /* Pods_TestFlurry.framework in Frameworks */ = {isa = PBXBuildFile; fileRef = AAA0F058AFBF711AD6B97FAA /* Pods_TestFlurry.framework */; };
		F052BA21289CD3020074CEC9 /* AppDelegate.swift in Sources */ = {isa = PBXBuildFile; fileRef = F052BA20289CD3020074CEC9 /* AppDelegate.swift */; };
		F052BA23289CD3020074CEC9 /* SceneDelegate.swift in Sources */ = {isa = PBXBuildFile; fileRef = F052BA22289CD3020074CEC9 /* SceneDelegate.swift */; };
		F052BA25289CD3020074CEC9 /* ViewController.swift in Sources */ = {isa = PBXBuildFile; fileRef = F052BA24289CD3020074CEC9 /* ViewController.swift */; };
		F052BA28289CD3020074CEC9 /* Main.storyboard in Resources */ = {isa = PBXBuildFile; fileRef = F052BA26289CD3020074CEC9 /* Main.storyboard */; };
		F052BA2A289CD3030074CEC9 /* Assets.xcassets in Resources */ = {isa = PBXBuildFile; fileRef = F052BA29289CD3030074CEC9 /* Assets.xcassets */; };
		F052BA2D289CD3040074CEC9 /* LaunchScreen.storyboard in Resources */ = {isa = PBXBuildFile; fileRef = F052BA2B289CD3040074CEC9 /* LaunchScreen.storyboard */; };
/* End PBXBuildFile section */

/* Begin PBXFileReference section */
		66BD2FB2DEA57DC8C6F30A49 /* Pods-TestFlurry.debug.xcconfig */ = {isa = PBXFileReference; includeInIndex = 1; lastKnownFileType = text.xcconfig; name = "Pods-TestFlurry.debug.xcconfig"; path = "Target Support Files/Pods-TestFlurry/Pods-TestFlurry.debug.xcconfig"; sourceTree = "<group>"; };
		93A43918D08801B8CCD3F4D8 /* Pods-TestFlurry.release.xcconfig */ = {isa = PBXFileReference; includeInIndex = 1; lastKnownFileType = text.xcconfig; name = "Pods-TestFlurry.release.xcconfig"; path = "Target Support Files/Pods-TestFlurry/Pods-TestFlurry.release.xcconfig"; sourceTree = "<group>"; };
		AAA0F058AFBF711AD6B97FAA /* Pods_TestFlurry.framework */ = {isa = PBXFileReference; explicitFileType = wrapper.framework; includeInIndex = 0; path = Pods_TestFlurry.framework; sourceTree = BUILT_PRODUCTS_DIR; };
		F052BA1D289CD3020074CEC9 /* TestFlurry.app */ = {isa = PBXFileReference; explicitFileType = wrapper.application; includeInIndex = 0; path = TestFlurry.app; sourceTree = BUILT_PRODUCTS_DIR; };
		F052BA20289CD3020074CEC9 /* AppDelegate.swift */ = {isa = PBXFileReference; lastKnownFileType = sourcecode.swift; path = AppDelegate.swift; sourceTree = "<group>"; };
		F052BA22289CD3020074CEC9 /* SceneDelegate.swift */ = {isa = PBXFileReference; lastKnownFileType = sourcecode.swift; path = SceneDelegate.swift; sourceTree = "<group>"; };
		F052BA24289CD3020074CEC9 /* ViewController.swift */ = {isa = PBXFileReference; lastKnownFileType = sourcecode.swift; path = ViewController.swift; sourceTree = "<group>"; };
		F052BA27289CD3020074CEC9 /* Base */ = {isa = PBXFileReference; lastKnownFileType = file.storyboard; name = Base; path = Base.lproj/Main.storyboard; sourceTree = "<group>"; };
		F052BA29289CD3030074CEC9 /* Assets.xcassets */ = {isa = PBXFileReference; lastKnownFileType = folder.assetcatalog; path = Assets.xcassets; sourceTree = "<group>"; };
		F052BA2C289CD3040074CEC9 /* Base */ = {isa = PBXFileReference; lastKnownFileType = file.storyboard; name = Base; path = Base.lproj/LaunchScreen.storyboard; sourceTree = "<group>"; };
		F052BA2E289CD3040074CEC9 /* Info.plist */ = {isa = PBXFileReference; lastKnownFileType = text.plist.xml; path = Info.plist; sourceTree = "<group>"; };
/* End PBXFileReference section */

/* Begin PBXFrameworksBuildPhase section */
		F052BA1A289CD3020074CEC9 /* Frameworks */ = {
			isa = PBXFrameworksBuildPhase;
			buildActionMask = 2147483647;
			files = (
				506662DC7065FF9193287347 /* Pods_TestFlurry.framework in Frameworks */,
			);
			runOnlyForDeploymentPostprocessing = 0;
		};
/* End PBXFrameworksBuildPhase section */

/* Begin PBXGroup section */
		182527881243436D42D0A268 /* Frameworks */ = {
			isa = PBXGroup;
			children = (
				AAA0F058AFBF711AD6B97FAA /* Pods_TestFlurry.framework */,
			);
			name = Frameworks;
			sourceTree = "<group>";
		};
		51798696DB2F4DC50FDA1D73 /* Pods */ = {
			isa = PBXGroup;
			children = (
				66BD2FB2DEA57DC8C6F30A49 /* Pods-TestFlurry.debug.xcconfig */,
				93A43918D08801B8CCD3F4D8 /* Pods-TestFlurry.release.xcconfig */,
			);
			path = Pods;
			sourceTree = "<group>";
		};
		F052BA14289CD3020074CEC9 = {
			isa = PBXGroup;
			children = (
				F052BA1F289CD3020074CEC9 /* TestFlurry */,
				F052BA1E289CD3020074CEC9 /* Products */,
				51798696DB2F4DC50FDA1D73 /* Pods */,
				182527881243436D42D0A268 /* Frameworks */,
			);
			sourceTree = "<group>";
		};
		F052BA1E289CD3020074CEC9 /* Products */ = {
			isa = PBXGroup;
			children = (
				F052BA1D289CD3020074CEC9 /* TestFlurry.app */,
			);
			name = Products;
			sourceTree = "<group>";
		};
		F052BA1F289CD3020074CEC9 /* TestFlurry */ = {
			isa = PBXGroup;
			children = (
				F052BA20289CD3020074CEC9 /* AppDelegate.swift */,
				F052BA22289CD3020074CEC9 /* SceneDelegate.swift */,
				F052BA24289CD3020074CEC9 /* ViewController.swift */,
				F052BA26289CD3020074CEC9 /* Main.storyboard */,
				F052BA29289CD3030074CEC9 /* Assets.xcassets */,
				F052BA2B289CD3040074CEC9 /* LaunchScreen.storyboard */,
				F052BA2E289CD3040074CEC9 /* Info.plist */,
			);
			path = TestFlurry;
			sourceTree = "<group>";
		};
/* End PBXGroup section */

/* Begin PBXNativeTarget section */
		F052BA1C289CD3020074CEC9 /* TestFlurry */ = {
			isa = PBXNativeTarget;
			buildConfigurationList = F052BA31289CD3040074CEC9 /* Build configuration list for PBXNativeTarget "TestFlurry" */;
			buildPhases = (
				041A3BD7CD5930F936BF5CF6 /* [CP] Check Pods Manifest.lock */,
				F052BA19289CD3020074CEC9 /* Sources */,
				F052BA1A289CD3020074CEC9 /* Frameworks */,
				F052BA1B289CD3020074CEC9 /* Resources */,
			);
			buildRules = (
			);
			dependencies = (
			);
			name = TestFlurry;
			productName = TestFlurry;
			productReference = F052BA1D289CD3020074CEC9 /* TestFlurry.app */;
			productType = "com.apple.product-type.application";
		};
/* End PBXNativeTarget section */

/* Begin PBXProject section */
		F052BA15289CD3020074CEC9 /* Project object */ = {
			isa = PBXProject;
			attributes = {
				BuildIndependentTargetsInParallel = 1;
				LastSwiftUpdateCheck = 1320;
				LastUpgradeCheck = 1320;
				TargetAttributes = {
					F052BA1C289CD3020074CEC9 = {
						CreatedOnToolsVersion = 13.2.1;
					};
				};
			};
			buildConfigurationList = F052BA18289CD3020074CEC9 /* Build configuration list for PBXProject "TestFlurry" */;
			compatibilityVersion = "Xcode 13.0";
			developmentRegion = en;
			hasScannedForEncodings = 0;
			knownRegions = (
				en,
				Base,
			);
			mainGroup = F052BA14289CD3020074CEC9;
			productRefGroup = F052BA1E289CD3020074CEC9 /* Products */;
			projectDirPath = "";
			projectRoot = "";
			targets = (
				F052BA1C289CD3020074CEC9 /* TestFlurry */,
			);
		};
/* End PBXProject section */

/* Begin PBXResourcesBuildPhase section */
		F052BA1B289CD3020074CEC9 /* Resources */ = {
			isa = PBXResourcesBuildPhase;
			buildActionMask = 2147483647;
			files = (
				F052BA2D289CD3040074CEC9 /* LaunchScreen.storyboard in Resources */,
				F052BA2A289CD3030074CEC9 /* Assets.xcassets in Resources */,
				F052BA28289CD3020074CEC9 /* Main.storyboard in Resources */,
			);
			runOnlyForDeploymentPostprocessing = 0;
		};
/* End PBXResourcesBuildPhase section */

/* Begin PBXShellScriptBuildPhase section */
		041A3BD7CD5930F936BF5CF6 /* [CP] Check Pods Manifest.lock */ = {
			isa = PBXShellScriptBuildPhase;
			buildActionMask = 2147483647;
			files = (
			);
			inputFileListPaths = (
			);
			inputPaths = (
				"${PODS_PODFILE_DIR_PATH}/Podfile.lock",
				"${PODS_ROOT}/Manifest.lock",
			);
			name = "[CP] Check Pods Manifest.lock";
			outputFileListPaths = (
			);
			outputPaths = (
				"$(DERIVED_FILE_DIR)/Pods-TestFlurry-checkManifestLockResult.txt",
			);
			runOnlyForDeploymentPostprocessing = 0;
			shellPath = /bin/sh;
			shellScript = "diff \"${PODS_PODFILE_DIR_PATH}/Podfile.lock\" \"${PODS_ROOT}/Manifest.lock\" > /dev/null\nif [ $? != 0 ] ; then\n    # print error to STDERR\n    echo \"error: The sandbox is not in sync with the Podfile.lock. Run 'pod install' or update your CocoaPods installation.\" >&2\n    exit 1\nfi\n# This output is used by Xcode 'outputs' to avoid re-running this script phase.\necho \"SUCCESS\" > \"${SCRIPT_OUTPUT_FILE_0}\"\n";
			showEnvVarsInLog = 0;
		};
/* End PBXShellScriptBuildPhase section */

/* Begin PBXSourcesBuildPhase section */
		F052BA19289CD3020074CEC9 /* Sources */ = {
			isa = PBXSourcesBuildPhase;
			buildActionMask = 2147483647;
			files = (
				F052BA25289CD3020074CEC9 /* ViewController.swift in Sources */,
				F052BA21289CD3020074CEC9 /* AppDelegate.swift in Sources */,
				F052BA23289CD3020074CEC9 /* SceneDelegate.swift in Sources */,
			);
			runOnlyForDeploymentPostprocessing = 0;
		};
/* End PBXSourcesBuildPhase section */

/* Begin PBXVariantGroup section */
		F052BA26289CD3020074CEC9 /* Main.storyboard */ = {
			isa = PBXVariantGroup;
			children = (
				F052BA27289CD3020074CEC9 /* Base */,
			);
			name = Main.storyboard;
			sourceTree = "<group>";
		};
		F052BA2B289CD3040074CEC9 /* LaunchScreen.storyboard */ = {
			isa = PBXVariantGroup;
			children = (
				F052BA2C289CD3040074CEC9 /* Base */,
			);
			name = LaunchScreen.storyboard;
			sourceTree = "<group>";
		};
/* End PBXVariantGroup section */

/* Begin XCBuildConfiguration section */
		F052BA2F289CD3040074CEC9 /* Debug */ = {
			isa = XCBuildConfiguration;
			buildSettings = {
				ALWAYS_SEARCH_USER_PATHS = NO;
				CLANG_ANALYZER_NONNULL = YES;
				CLANG_ANALYZER_NUMBER_OBJECT_CONVERSION = YES_AGGRESSIVE;
				CLANG_CXX_LANGUAGE_STANDARD = "gnu++17";
				CLANG_CXX_LIBRARY = "libc++";
				CLANG_ENABLE_MODULES = YES;
				CLANG_ENABLE_OBJC_ARC = YES;
				CLANG_ENABLE_OBJC_WEAK = YES;
				CLANG_WARN_BLOCK_CAPTURE_AUTORELEASING = YES;
				CLANG_WARN_BOOL_CONVERSION = YES;
				CLANG_WARN_COMMA = YES;
				CLANG_WARN_CONSTANT_CONVERSION = YES;
				CLANG_WARN_DEPRECATED_OBJC_IMPLEMENTATIONS = YES;
				CLANG_WARN_DIRECT_OBJC_ISA_USAGE = YES_ERROR;
				CLANG_WARN_DOCUMENTATION_COMMENTS = YES;
				CLANG_WARN_EMPTY_BODY = YES;
				CLANG_WARN_ENUM_CONVERSION = YES;
				CLANG_WARN_INFINITE_RECURSION = YES;
				CLANG_WARN_INT_CONVERSION = YES;
				CLANG_WARN_NON_LITERAL_NULL_CONVERSION = YES;
				CLANG_WARN_OBJC_IMPLICIT_RETAIN_SELF = YES;
				CLANG_WARN_OBJC_LITERAL_CONVERSION = YES;
				CLANG_WARN_OBJC_ROOT_CLASS = YES_ERROR;
				CLANG_WARN_QUOTED_INCLUDE_IN_FRAMEWORK_HEADER = YES;
				CLANG_WARN_RANGE_LOOP_ANALYSIS = YES;
				CLANG_WARN_STRICT_PROTOTYPES = YES;
				CLANG_WARN_SUSPICIOUS_MOVE = YES;
				CLANG_WARN_UNGUARDED_AVAILABILITY = YES_AGGRESSIVE;
				CLANG_WARN_UNREACHABLE_CODE = YES;
				CLANG_WARN__DUPLICATE_METHOD_MATCH = YES;
				COPY_PHASE_STRIP = NO;
				DEBUG_INFORMATION_FORMAT = dwarf;
				ENABLE_STRICT_OBJC_MSGSEND = YES;
				ENABLE_TESTABILITY = YES;
				GCC_C_LANGUAGE_STANDARD = gnu11;
				GCC_DYNAMIC_NO_PIC = NO;
				GCC_NO_COMMON_BLOCKS = YES;
				GCC_OPTIMIZATION_LEVEL = 0;
				GCC_PREPROCESSOR_DEFINITIONS = (
					"DEBUG=1",
					"$(inherited)",
				);
				GCC_WARN_64_TO_32_BIT_CONVERSION = YES;
				GCC_WARN_ABOUT_RETURN_TYPE = YES_ERROR;
				GCC_WARN_UNDECLARED_SELECTOR = YES;
				GCC_WARN_UNINITIALIZED_AUTOS = YES_AGGRESSIVE;
				GCC_WARN_UNUSED_FUNCTION = YES;
				GCC_WARN_UNUSED_VARIABLE = YES;
				IPHONEOS_DEPLOYMENT_TARGET = 15.2;
				MTL_ENABLE_DEBUG_INFO = INCLUDE_SOURCE;
				MTL_FAST_MATH = YES;
				ONLY_ACTIVE_ARCH = YES;
				SDKROOT = iphoneos;
				SWIFT_ACTIVE_COMPILATION_CONDITIONS = DEBUG;
				SWIFT_OPTIMIZATION_LEVEL = "-Onone";
			};
			name = Debug;
		};
		F052BA30289CD3040074CEC9 /* Release */ = {
			isa = XCBuildConfiguration;
			buildSettings = {
				ALWAYS_SEARCH_USER_PATHS = NO;
				CLANG_ANALYZER_NONNULL = YES;
				CLANG_ANALYZER_NUMBER_OBJECT_CONVERSION = YES_AGGRESSIVE;
				CLANG_CXX_LANGUAGE_STANDARD = "gnu++17";
				CLANG_CXX_LIBRARY = "libc++";
				CLANG_ENABLE_MODULES = YES;
				CLANG_ENABLE_OBJC_ARC = YES;
				CLANG_ENABLE_OBJC_WEAK = YES;
				CLANG_WARN_BLOCK_CAPTURE_AUTORELEASING = YES;
				CLANG_WARN_BOOL_CONVERSION = YES;
				CLANG_WARN_COMMA = YES;
				CLANG_WARN_CONSTANT_CONVERSION = YES;
				CLANG_WARN_DEPRECATED_OBJC_IMPLEMENTATIONS = YES;
				CLANG_WARN_DIRECT_OBJC_ISA_USAGE = YES_ERROR;
				CLANG_WARN_DOCUMENTATION_COMMENTS = YES;
				CLANG_WARN_EMPTY_BODY = YES;
				CLANG_WARN_ENUM_CONVERSION = YES;
				CLANG_WARN_INFINITE_RECURSION = YES;
				CLANG_WARN_INT_CONVERSION = YES;
				CLANG_WARN_NON_LITERAL_NULL_CONVERSION = YES;
				CLANG_WARN_OBJC_IMPLICIT_RETAIN_SELF = YES;
				CLANG_WARN_OBJC_LITERAL_CONVERSION = YES;
				CLANG_WARN_OBJC_ROOT_CLASS = YES_ERROR;
				CLANG_WARN_QUOTED_INCLUDE_IN_FRAMEWORK_HEADER = YES;
				CLANG_WARN_RANGE_LOOP_ANALYSIS = YES;
				CLANG_WARN_STRICT_PROTOTYPES = YES;
				CLANG_WARN_SUSPICIOUS_MOVE = YES;
				CLANG_WARN_UNGUARDED_AVAILABILITY = YES_AGGRESSIVE;
				CLANG_WARN_UNREACHABLE_CODE = YES;
				CLANG_WARN__DUPLICATE_METHOD_MATCH = YES;
				COPY_PHASE_STRIP = NO;
				DEBUG_INFORMATION_FORMAT = "dwarf-with-dsym";
				ENABLE_NS_ASSERTIONS = NO;
				ENABLE_STRICT_OBJC_MSGSEND = YES;
				GCC_C_LANGUAGE_STANDARD = gnu11;
				GCC_NO_COMMON_BLOCKS = YES;
				GCC_WARN_64_TO_32_BIT_CONVERSION = YES;
				GCC_WARN_ABOUT_RETURN_TYPE = YES_ERROR;
				GCC_WARN_UNDECLARED_SELECTOR = YES;
				GCC_WARN_UNINITIALIZED_AUTOS = YES_AGGRESSIVE;
				GCC_WARN_UNUSED_FUNCTION = YES;
				GCC_WARN_UNUSED_VARIABLE = YES;
				IPHONEOS_DEPLOYMENT_TARGET = 15.2;
				MTL_ENABLE_DEBUG_INFO = NO;
				MTL_FAST_MATH = YES;
				SDKROOT = iphoneos;
				SWIFT_COMPILATION_MODE = wholemodule;
				SWIFT_OPTIMIZATION_LEVEL = "-O";
				VALIDATE_PRODUCT = YES;
			};
			name = Release;
		};
		F052BA32289CD3040074CEC9 /* Debug */ = {
			isa = XCBuildConfiguration;
			baseConfigurationReference = 66BD2FB2DEA57DC8C6F30A49 /* Pods-TestFlurry.debug.xcconfig */;
			buildSettings = {
				ASSETCATALOG_COMPILER_APPICON_NAME = AppIcon;
				ASSETCATALOG_COMPILER_GLOBAL_ACCENT_COLOR_NAME = AccentColor;
				CODE_SIGN_STYLE = Automatic;
				CURRENT_PROJECT_VERSION = 1;
				DEVELOPMENT_TEAM = 66JWGT9VWJ;
				GENERATE_INFOPLIST_FILE = YES;
				INFOPLIST_FILE = TestFlurry/Info.plist;
				INFOPLIST_KEY_UIApplicationSupportsIndirectInputEvents = YES;
				INFOPLIST_KEY_UILaunchStoryboardName = LaunchScreen;
				INFOPLIST_KEY_UIMainStoryboardFile = Main;
				INFOPLIST_KEY_UISupportedInterfaceOrientations_iPad = "UIInterfaceOrientationPortrait UIInterfaceOrientationPortraitUpsideDown UIInterfaceOrientationLandscapeLeft UIInterfaceOrientationLandscapeRight";
				INFOPLIST_KEY_UISupportedInterfaceOrientations_iPhone = "UIInterfaceOrientationPortrait UIInterfaceOrientationLandscapeLeft UIInterfaceOrientationLandscapeRight";
				IPHONEOS_DEPLOYMENT_TARGET = 14.0;
				LD_RUNPATH_SEARCH_PATHS = (
					"$(inherited)",
					"@executable_path/Frameworks",
				);
				MARKETING_VERSION = 1.0;
				PRODUCT_BUNDLE_IDENTIFIER = com.nkh.TestFlurry;
				PRODUCT_NAME = "$(TARGET_NAME)";
				SWIFT_EMIT_LOC_STRINGS = YES;
				SWIFT_VERSION = 5.0;
				TARGETED_DEVICE_FAMILY = "1,2";
			};
			name = Debug;
		};
		F052BA33289CD3040074CEC9 /* Release */ = {
			isa = XCBuildConfiguration;
			baseConfigurationReference = 93A43918D08801B8CCD3F4D8 /* Pods-TestFlurry.release.xcconfig */;
			buildSettings = {
				ASSETCATALOG_COMPILER_APPICON_NAME = AppIcon;
				ASSETCATALOG_COMPILER_GLOBAL_ACCENT_COLOR_NAME = AccentColor;
				CODE_SIGN_STYLE = Automatic;
				CURRENT_PROJECT_VERSION = 1;
				DEVELOPMENT_TEAM = 66JWGT9VWJ;
				GENERATE_INFOPLIST_FILE = YES;
				INFOPLIST_FILE = TestFlurry/Info.plist;
				INFOPLIST_KEY_UIApplicationSupportsIndirectInputEvents = YES;
				INFOPLIST_KEY_UILaunchStoryboardName = LaunchScreen;
				INFOPLIST_KEY_UIMainStoryboardFile = Main;
				INFOPLIST_KEY_UISupportedInterfaceOrientations_iPad = "UIInterfaceOrientationPortrait UIInterfaceOrientationPortraitUpsideDown UIInterfaceOrientationLandscapeLeft UIInterfaceOrientationLandscapeRight";
				INFOPLIST_KEY_UISupportedInterfaceOrientations_iPhone = "UIInterfaceOrientationPortrait UIInterfaceOrientationLandscapeLeft UIInterfaceOrientationLandscapeRight";
				IPHONEOS_DEPLOYMENT_TARGET = 14.0;
				LD_RUNPATH_SEARCH_PATHS = (
					"$(inherited)",
					"@executable_path/Frameworks",
				);
				MARKETING_VERSION = 1.0;
				PRODUCT_BUNDLE_IDENTIFIER = com.nkh.TestFlurry;
				PRODUCT_NAME = "$(TARGET_NAME)";
				SWIFT_EMIT_LOC_STRINGS = YES;
				SWIFT_VERSION = 5.0;
				TARGETED_DEVICE_FAMILY = "1,2";
			};
			name = Release;
		};
/* End XCBuildConfiguration section */

/* Begin XCConfigurationList section */
		F052BA18289CD3020074CEC9 /* Build configuration list for PBXProject "TestFlurry" */ = {
			isa = XCConfigurationList;
			buildConfigurations = (
				F052BA2F289CD3040074CEC9 /* Debug */,
				F052BA30289CD3040074CEC9 /* Release */,
			);
			defaultConfigurationIsVisible = 0;
			defaultConfigurationName = Release;
		};
		F052BA31289CD3040074CEC9 /* Build configuration list for PBXNativeTarget "TestFlurry" */ = {
			isa = XCConfigurationList;
			buildConfigurations = (
				F052BA32289CD3040074CEC9 /* Debug */,
				F052BA33289CD3040074CEC9 /* Release */,
			);
			defaultConfigurationIsVisible = 0;
			defaultConfigurationName = Release;
		};
/* End XCConfigurationList section */
	};
	rootObject = F052BA15289CD3020074CEC9 /* Project object */;
}
